// !$*UTF8*$!
{
	archiveVersion = 1;
	classes = {
	};
	objectVersion = 55;
	objects = {

/* Begin PBXBuildFile section */
		CCB2FD1D73228223B31876B8 /* Pods_KobzaHelper.framework in Frameworks */ = {isa = PBXBuildFile; fileRef = 84802E087502A7E7F34EAC47 /* Pods_KobzaHelper.framework */; };
		CE081BB827B29C7700CFD9D4 /* AppDelegate.swift in Sources */ = {isa = PBXBuildFile; fileRef = CE081BB727B29C7700CFD9D4 /* AppDelegate.swift */; };
		CE081BBA27B29C7700CFD9D4 /* SceneDelegate.swift in Sources */ = {isa = PBXBuildFile; fileRef = CE081BB927B29C7700CFD9D4 /* SceneDelegate.swift */; };
		CE081BBF27B29C7700CFD9D4 /* Main.storyboard in Resources */ = {isa = PBXBuildFile; fileRef = CE081BBD27B29C7700CFD9D4 /* Main.storyboard */; };
		CE081BC127B29C7800CFD9D4 /* Assets.xcassets in Resources */ = {isa = PBXBuildFile; fileRef = CE081BC027B29C7800CFD9D4 /* Assets.xcassets */; };
		CE081BC427B29C7800CFD9D4 /* LaunchScreen.storyboard in Resources */ = {isa = PBXBuildFile; fileRef = CE081BC227B29C7800CFD9D4 /* LaunchScreen.storyboard */; };
		CE081BCC27B2DB2B00CFD9D4 /* ViewModel.swift in Sources */ = {isa = PBXBuildFile; fileRef = CE081BCB27B2DB2B00CFD9D4 /* ViewModel.swift */; };
		CE081BCE27B2DB4900CFD9D4 /* DataSource.swift in Sources */ = {isa = PBXBuildFile; fileRef = CE081BCD27B2DB4900CFD9D4 /* DataSource.swift */; };
		CE081BD127B4633500CFD9D4 /* ViewController.swift in Sources */ = {isa = PBXBuildFile; fileRef = CE081BD027B4633500CFD9D4 /* ViewController.swift */; };
		CE94F35D27F06B41009F914B /* InputCollectionViewCell.swift in Sources */ = {isa = PBXBuildFile; fileRef = CE94F35C27F06B41009F914B /* InputCollectionViewCell.swift */; };
		CE95C0A727DE77AE00E6986B /* Word.swift in Sources */ = {isa = PBXBuildFile; fileRef = CE95C0A627DE77AE00E6986B /* Word.swift */; };
		CE95C0A927DE77F700E6986B /* WordsJson.json in Resources */ = {isa = PBXBuildFile; fileRef = CE95C0A827DE77F700E6986B /* WordsJson.json */; };
		CEBC3A5527CF8C2500D2B550 /* HowToUseViewController.swift in Sources */ = {isa = PBXBuildFile; fileRef = CEBC3A5427CF8C2500D2B550 /* HowToUseViewController.swift */; };
		CEF17C2C27C16877003D88E4 /* ResultsViewController.swift in Sources */ = {isa = PBXBuildFile; fileRef = CEF17C2B27C16877003D88E4 /* ResultsViewController.swift */; };
		F5184A492B34946D00698467 /* db.xcdatamodeld in Sources */ = {isa = PBXBuildFile; fileRef = F5184A472B34946D00698467 /* db.xcdatamodeld */; };
		F5184A4B2B3498C800698467 /* CoreDataHelper.swift in Sources */ = {isa = PBXBuildFile; fileRef = F5184A4A2B3498C800698467 /* CoreDataHelper.swift */; };
		F53F89AF2B3390540009B173 /* AnalyticsViewController.swift in Sources */ = {isa = PBXBuildFile; fileRef = F53F89AE2B3390540009B173 /* AnalyticsViewController.swift */; };
		F56BDD3F2B1238F3004D863D /* UserDefaultsHelper.swift in Sources */ = {isa = PBXBuildFile; fileRef = F56BDD3E2B1238F3004D863D /* UserDefaultsHelper.swift */; };
		F56BDD412B123E8A004D863D /* WordListTableViewCell.swift in Sources */ = {isa = PBXBuildFile; fileRef = F56BDD402B123E8A004D863D /* WordListTableViewCell.swift */; };
		F56BDD432B123F72004D863D /* WordListViewController.swift in Sources */ = {isa = PBXBuildFile; fileRef = F56BDD422B123F72004D863D /* WordListViewController.swift */; };
		F59F8CCC2B33946C0093D40F /* UserDefaultsKeys.swift in Sources */ = {isa = PBXBuildFile; fileRef = F59F8CCB2B33946C0093D40F /* UserDefaultsKeys.swift */; };
		F59F8CCE2B33947C0093D40F /* GameStatistics.swift in Sources */ = {isa = PBXBuildFile; fileRef = F59F8CCD2B33947C0093D40F /* GameStatistics.swift */; };
/* End PBXBuildFile section */

/* Begin PBXFileReference section */
		2FF12654CF54F6B127614233 /* Pods-KobzaHelper.release.xcconfig */ = {isa = PBXFileReference; includeInIndex = 1; lastKnownFileType = text.xcconfig; name = "Pods-KobzaHelper.release.xcconfig"; path = "Target Support Files/Pods-KobzaHelper/Pods-KobzaHelper.release.xcconfig"; sourceTree = "<group>"; };
		84802E087502A7E7F34EAC47 /* Pods_KobzaHelper.framework */ = {isa = PBXFileReference; explicitFileType = wrapper.framework; includeInIndex = 0; path = Pods_KobzaHelper.framework; sourceTree = BUILT_PRODUCTS_DIR; };
		CE081BB427B29C7700CFD9D4 /* KobzaHelper.app */ = {isa = PBXFileReference; explicitFileType = wrapper.application; includeInIndex = 0; path = KobzaHelper.app; sourceTree = BUILT_PRODUCTS_DIR; };
		CE081BB727B29C7700CFD9D4 /* AppDelegate.swift */ = {isa = PBXFileReference; lastKnownFileType = sourcecode.swift; path = AppDelegate.swift; sourceTree = "<group>"; };
		CE081BB927B29C7700CFD9D4 /* SceneDelegate.swift */ = {isa = PBXFileReference; lastKnownFileType = sourcecode.swift; path = SceneDelegate.swift; sourceTree = "<group>"; };
		CE081BBE27B29C7700CFD9D4 /* Base */ = {isa = PBXFileReference; lastKnownFileType = file.storyboard; name = Base; path = Base.lproj/Main.storyboard; sourceTree = "<group>"; };
		CE081BC027B29C7800CFD9D4 /* Assets.xcassets */ = {isa = PBXFileReference; lastKnownFileType = folder.assetcatalog; path = Assets.xcassets; sourceTree = "<group>"; };
		CE081BC327B29C7800CFD9D4 /* Base */ = {isa = PBXFileReference; lastKnownFileType = file.storyboard; name = Base; path = Base.lproj/LaunchScreen.storyboard; sourceTree = "<group>"; };
		CE081BC527B29C7800CFD9D4 /* Info.plist */ = {isa = PBXFileReference; lastKnownFileType = text.plist.xml; path = Info.plist; sourceTree = "<group>"; };
		CE081BCB27B2DB2B00CFD9D4 /* ViewModel.swift */ = {isa = PBXFileReference; lastKnownFileType = sourcecode.swift; path = ViewModel.swift; sourceTree = "<group>"; };
		CE081BCD27B2DB4900CFD9D4 /* DataSource.swift */ = {isa = PBXFileReference; lastKnownFileType = sourcecode.swift; path = DataSource.swift; sourceTree = "<group>"; };
		CE081BD027B4633500CFD9D4 /* ViewController.swift */ = {isa = PBXFileReference; lastKnownFileType = sourcecode.swift; path = ViewController.swift; sourceTree = "<group>"; };
		CE94F35C27F06B41009F914B /* InputCollectionViewCell.swift */ = {isa = PBXFileReference; lastKnownFileType = sourcecode.swift; path = InputCollectionViewCell.swift; sourceTree = "<group>"; };
		CE95C0A627DE77AE00E6986B /* Word.swift */ = {isa = PBXFileReference; lastKnownFileType = sourcecode.swift; path = Word.swift; sourceTree = "<group>"; };
		CE95C0A827DE77F700E6986B /* WordsJson.json */ = {isa = PBXFileReference; lastKnownFileType = text.json; path = WordsJson.json; sourceTree = "<group>"; };
		CEBC3A5427CF8C2500D2B550 /* HowToUseViewController.swift */ = {isa = PBXFileReference; lastKnownFileType = sourcecode.swift; path = HowToUseViewController.swift; sourceTree = "<group>"; };
		CEF17C2B27C16877003D88E4 /* ResultsViewController.swift */ = {isa = PBXFileReference; lastKnownFileType = sourcecode.swift; path = ResultsViewController.swift; sourceTree = "<group>"; };
		F5184A482B34946D00698467 /* db.xcdatamodel */ = {isa = PBXFileReference; lastKnownFileType = wrapper.xcdatamodel; path = db.xcdatamodel; sourceTree = "<group>"; };
		F5184A4A2B3498C800698467 /* CoreDataHelper.swift */ = {isa = PBXFileReference; lastKnownFileType = sourcecode.swift; path = CoreDataHelper.swift; sourceTree = "<group>"; };
		F53F89AE2B3390540009B173 /* AnalyticsViewController.swift */ = {isa = PBXFileReference; lastKnownFileType = sourcecode.swift; path = AnalyticsViewController.swift; sourceTree = "<group>"; };
		F56BDD3E2B1238F3004D863D /* UserDefaultsHelper.swift */ = {isa = PBXFileReference; lastKnownFileType = sourcecode.swift; path = UserDefaultsHelper.swift; sourceTree = "<group>"; };
		F56BDD402B123E8A004D863D /* WordListTableViewCell.swift */ = {isa = PBXFileReference; lastKnownFileType = sourcecode.swift; path = WordListTableViewCell.swift; sourceTree = "<group>"; };
		F56BDD422B123F72004D863D /* WordListViewController.swift */ = {isa = PBXFileReference; lastKnownFileType = sourcecode.swift; path = WordListViewController.swift; sourceTree = "<group>"; };
		F575F5B5A4BDE0789C1F4B06 /* Pods-KobzaHelper.debug.xcconfig */ = {isa = PBXFileReference; includeInIndex = 1; lastKnownFileType = text.xcconfig; name = "Pods-KobzaHelper.debug.xcconfig"; path = "Target Support Files/Pods-KobzaHelper/Pods-KobzaHelper.debug.xcconfig"; sourceTree = "<group>"; };
		F59F8CCB2B33946C0093D40F /* UserDefaultsKeys.swift */ = {isa = PBXFileReference; lastKnownFileType = sourcecode.swift; path = UserDefaultsKeys.swift; sourceTree = "<group>"; };
		F59F8CCD2B33947C0093D40F /* GameStatistics.swift */ = {isa = PBXFileReference; lastKnownFileType = sourcecode.swift; path = GameStatistics.swift; sourceTree = "<group>"; };
/* End PBXFileReference section */

/* Begin PBXFrameworksBuildPhase section */
		CE081BB127B29C7700CFD9D4 /* Frameworks */ = {
			isa = PBXFrameworksBuildPhase;
			buildActionMask = 2147483647;
			files = (
				CCB2FD1D73228223B31876B8 /* Pods_KobzaHelper.framework in Frameworks */,
			);
			runOnlyForDeploymentPostprocessing = 0;
		};
/* End PBXFrameworksBuildPhase section */

/* Begin PBXGroup section */
		4A24C29852C66EEA8AF36FA7 /* Frameworks */ = {
			isa = PBXGroup;
			children = (
				84802E087502A7E7F34EAC47 /* Pods_KobzaHelper.framework */,
			);
			name = Frameworks;
			sourceTree = "<group>";
		};
		5CB62F041BB048E4676F3C2E /* Pods */ = {
			isa = PBXGroup;
			children = (
				F575F5B5A4BDE0789C1F4B06 /* Pods-KobzaHelper.debug.xcconfig */,
				2FF12654CF54F6B127614233 /* Pods-KobzaHelper.release.xcconfig */,
			);
			path = Pods;
			sourceTree = "<group>";
		};
		CE081BAB27B29C7700CFD9D4 = {
			isa = PBXGroup;
			children = (
				CE081BB627B29C7700CFD9D4 /* KobzaHelper */,
				CE081BB527B29C7700CFD9D4 /* Products */,
				5CB62F041BB048E4676F3C2E /* Pods */,
				4A24C29852C66EEA8AF36FA7 /* Frameworks */,
			);
			sourceTree = "<group>";
		};
		CE081BB527B29C7700CFD9D4 /* Products */ = {
			isa = PBXGroup;
			children = (
				CE081BB427B29C7700CFD9D4 /* KobzaHelper.app */,
			);
			name = Products;
			sourceTree = "<group>";
		};
		CE081BB627B29C7700CFD9D4 /* KobzaHelper */ = {
			isa = PBXGroup;
			children = (
				CE94F35A27F06B10009F914B /* Views */,
				CE95C0A527DE77A400E6986B /* Models */,
				F56BDD3D2B1238E4004D863D /* Helpers */,
				CE081BB727B29C7700CFD9D4 /* AppDelegate.swift */,
				CE081BB927B29C7700CFD9D4 /* SceneDelegate.swift */,
				CE081BD027B4633500CFD9D4 /* ViewController.swift */,
				CEF17C2B27C16877003D88E4 /* ResultsViewController.swift */,
				F56BDD422B123F72004D863D /* WordListViewController.swift */,
				CE081BCB27B2DB2B00CFD9D4 /* ViewModel.swift */,
				CE081BCD27B2DB4900CFD9D4 /* DataSource.swift */,
				F59F8CCA2B33945A0093D40F /* Analytics */,
				CE081BBD27B29C7700CFD9D4 /* Main.storyboard */,
				CE081BC027B29C7800CFD9D4 /* Assets.xcassets */,
				CE081BC227B29C7800CFD9D4 /* LaunchScreen.storyboard */,
				CE081BC527B29C7800CFD9D4 /* Info.plist */,
				CEBC3A5427CF8C2500D2B550 /* HowToUseViewController.swift */,
				F5184A472B34946D00698467 /* db.xcdatamodeld */,
				CE95C0A827DE77F700E6986B /* WordsJson.json */,
			);
			path = KobzaHelper;
			sourceTree = "<group>";
		};
		CE94F35A27F06B10009F914B /* Views */ = {
			isa = PBXGroup;
			children = (
				CE94F35C27F06B41009F914B /* InputCollectionViewCell.swift */,
				F56BDD402B123E8A004D863D /* WordListTableViewCell.swift */,
			);
			path = Views;
			sourceTree = "<group>";
		};
		CE95C0A527DE77A400E6986B /* Models */ = {
			isa = PBXGroup;
			children = (
				CE95C0A627DE77AE00E6986B /* Word.swift */,
			);
			path = Models;
			sourceTree = "<group>";
		};
		F56BDD3D2B1238E4004D863D /* Helpers */ = {
			isa = PBXGroup;
			children = (
				F56BDD3E2B1238F3004D863D /* UserDefaultsHelper.swift */,
				F5184A4A2B3498C800698467 /* CoreDataHelper.swift */,
			);
			path = Helpers;
			sourceTree = "<group>";
		};
		F59F8CCA2B33945A0093D40F /* Analytics */ = {
			isa = PBXGroup;
			children = (
				F53F89AE2B3390540009B173 /* AnalyticsViewController.swift */,
				F59F8CCB2B33946C0093D40F /* UserDefaultsKeys.swift */,
				F59F8CCD2B33947C0093D40F /* GameStatistics.swift */,
			);
			path = Analytics;
			sourceTree = "<group>";
		};
/* End PBXGroup section */

/* Begin PBXNativeTarget section */
		CE081BB327B29C7700CFD9D4 /* KobzaHelper */ = {
			isa = PBXNativeTarget;
			buildConfigurationList = CE081BC827B29C7800CFD9D4 /* Build configuration list for PBXNativeTarget "KobzaHelper" */;
			buildPhases = (
				8E9FDBD64481F3E9288F0E85 /* [CP] Check Pods Manifest.lock */,
				CE081BB027B29C7700CFD9D4 /* Sources */,
				CE081BB127B29C7700CFD9D4 /* Frameworks */,
				CE081BB227B29C7700CFD9D4 /* Resources */,
				FC2D428676AC45B6E85FCE68 /* [CP] Embed Pods Frameworks */,
			);
			buildRules = (
			);
			dependencies = (
			);
			name = KobzaHelper;
			productName = KobzaHelper;
			productReference = CE081BB427B29C7700CFD9D4 /* KobzaHelper.app */;
			productType = "com.apple.product-type.application";
		};
/* End PBXNativeTarget section */

/* Begin PBXProject section */
		CE081BAC27B29C7700CFD9D4 /* Project object */ = {
			isa = PBXProject;
			attributes = {
				BuildIndependentTargetsInParallel = 1;
				LastSwiftUpdateCheck = 1320;
				LastUpgradeCheck = 1320;
				TargetAttributes = {
					CE081BB327B29C7700CFD9D4 = {
						CreatedOnToolsVersion = 13.2.1;
					};
				};
			};
			buildConfigurationList = CE081BAF27B29C7700CFD9D4 /* Build configuration list for PBXProject "KobzaHelper" */;
			compatibilityVersion = "Xcode 13.0";
			developmentRegion = en;
			hasScannedForEncodings = 0;
			knownRegions = (
				en,
				Base,
			);
			mainGroup = CE081BAB27B29C7700CFD9D4;
			productRefGroup = CE081BB527B29C7700CFD9D4 /* Products */;
			projectDirPath = "";
			projectRoot = "";
			targets = (
				CE081BB327B29C7700CFD9D4 /* KobzaHelper */,
			);
		};
/* End PBXProject section */

/* Begin PBXResourcesBuildPhase section */
		CE081BB227B29C7700CFD9D4 /* Resources */ = {
			isa = PBXResourcesBuildPhase;
			buildActionMask = 2147483647;
			files = (
				CE081BC427B29C7800CFD9D4 /* LaunchScreen.storyboard in Resources */,
				CE95C0A927DE77F700E6986B /* WordsJson.json in Resources */,
				CE081BC127B29C7800CFD9D4 /* Assets.xcassets in Resources */,
				CE081BBF27B29C7700CFD9D4 /* Main.storyboard in Resources */,
			);
			runOnlyForDeploymentPostprocessing = 0;
		};
/* End PBXResourcesBuildPhase section */

/* Begin PBXShellScriptBuildPhase section */
		8E9FDBD64481F3E9288F0E85 /* [CP] Check Pods Manifest.lock */ = {
			isa = PBXShellScriptBuildPhase;
			buildActionMask = 2147483647;
			files = (
			);
			inputFileListPaths = (
			);
			inputPaths = (
				"${PODS_PODFILE_DIR_PATH}/Podfile.lock",
				"${PODS_ROOT}/Manifest.lock",
			);
			name = "[CP] Check Pods Manifest.lock";
			outputFileListPaths = (
			);
			outputPaths = (
				"$(DERIVED_FILE_DIR)/Pods-KobzaHelper-checkManifestLockResult.txt",
			);
			runOnlyForDeploymentPostprocessing = 0;
			shellPath = /bin/sh;
			shellScript = "diff \"${PODS_PODFILE_DIR_PATH}/Podfile.lock\" \"${PODS_ROOT}/Manifest.lock\" > /dev/null\nif [ $? != 0 ] ; then\n    # print error to STDERR\n    echo \"error: The sandbox is not in sync with the Podfile.lock. Run 'pod install' or update your CocoaPods installation.\" >&2\n    exit 1\nfi\n# This output is used by Xcode 'outputs' to avoid re-running this script phase.\necho \"SUCCESS\" > \"${SCRIPT_OUTPUT_FILE_0}\"\n";
			showEnvVarsInLog = 0;
		};
		FC2D428676AC45B6E85FCE68 /* [CP] Embed Pods Frameworks */ = {
			isa = PBXShellScriptBuildPhase;
			buildActionMask = 2147483647;
			files = (
			);
			inputFileListPaths = (
				"${PODS_ROOT}/Target Support Files/Pods-KobzaHelper/Pods-KobzaHelper-frameworks-${CONFIGURATION}-input-files.xcfilelist",
			);
			name = "[CP] Embed Pods Frameworks";
			outputFileListPaths = (
				"${PODS_ROOT}/Target Support Files/Pods-KobzaHelper/Pods-KobzaHelper-frameworks-${CONFIGURATION}-output-files.xcfilelist",
			);
			runOnlyForDeploymentPostprocessing = 0;
			shellPath = /bin/sh;
			shellScript = "\"${PODS_ROOT}/Target Support Files/Pods-KobzaHelper/Pods-KobzaHelper-frameworks.sh\"\n";
			showEnvVarsInLog = 0;
		};
/* End PBXShellScriptBuildPhase section */

/* Begin PBXSourcesBuildPhase section */
		CE081BB027B29C7700CFD9D4 /* Sources */ = {
			isa = PBXSourcesBuildPhase;
			buildActionMask = 2147483647;
			files = (
				F56BDD3F2B1238F3004D863D /* UserDefaultsHelper.swift in Sources */,
				CE081BB827B29C7700CFD9D4 /* AppDelegate.swift in Sources */,
				F56BDD432B123F72004D863D /* WordListViewController.swift in Sources */,
				CE95C0A727DE77AE00E6986B /* Word.swift in Sources */,
				F5184A4B2B3498C800698467 /* CoreDataHelper.swift in Sources */,
				CE081BCC27B2DB2B00CFD9D4 /* ViewModel.swift in Sources */,
				CEF17C2C27C16877003D88E4 /* ResultsViewController.swift in Sources */,
				F53F89AF2B3390540009B173 /* AnalyticsViewController.swift in Sources */,
				CE94F35D27F06B41009F914B /* InputCollectionViewCell.swift in Sources */,
				F59F8CCE2B33947C0093D40F /* GameStatistics.swift in Sources */,
				F59F8CCC2B33946C0093D40F /* UserDefaultsKeys.swift in Sources */,
				CEBC3A5527CF8C2500D2B550 /* HowToUseViewController.swift in Sources */,
				CE081BCE27B2DB4900CFD9D4 /* DataSource.swift in Sources */,
				CE081BBA27B29C7700CFD9D4 /* SceneDelegate.swift in Sources */,
				F5184A492B34946D00698467 /* db.xcdatamodeld in Sources */,
				F56BDD412B123E8A004D863D /* WordListTableViewCell.swift in Sources */,
				CE081BD127B4633500CFD9D4 /* ViewController.swift in Sources */,
			);
			runOnlyForDeploymentPostprocessing = 0;
		};
/* End PBXSourcesBuildPhase section */

/* Begin PBXVariantGroup section */
		CE081BBD27B29C7700CFD9D4 /* Main.storyboard */ = {
			isa = PBXVariantGroup;
			children = (
				CE081BBE27B29C7700CFD9D4 /* Base */,
			);
			name = Main.storyboard;
			sourceTree = "<group>";
		};
		CE081BC227B29C7800CFD9D4 /* LaunchScreen.storyboard */ = {
			isa = PBXVariantGroup;
			children = (
				CE081BC327B29C7800CFD9D4 /* Base */,
			);
			name = LaunchScreen.storyboard;
			sourceTree = "<group>";
		};
/* End PBXVariantGroup section */

/* Begin XCBuildConfiguration section */
		CE081BC627B29C7800CFD9D4 /* Debug */ = {
			isa = XCBuildConfiguration;
			buildSettings = {
				ALWAYS_SEARCH_USER_PATHS = NO;
				CLANG_ANALYZER_NONNULL = YES;
				CLANG_ANALYZER_NUMBER_OBJECT_CONVERSION = YES_AGGRESSIVE;
				CLANG_CXX_LANGUAGE_STANDARD = "gnu++17";
				CLANG_CXX_LIBRARY = "libc++";
				CLANG_ENABLE_MODULES = YES;
				CLANG_ENABLE_OBJC_ARC = YES;
				CLANG_ENABLE_OBJC_WEAK = YES;
				CLANG_WARN_BLOCK_CAPTURE_AUTORELEASING = YES;
				CLANG_WARN_BOOL_CONVERSION = YES;
				CLANG_WARN_COMMA = YES;
				CLANG_WARN_CONSTANT_CONVERSION = YES;
				CLANG_WARN_DEPRECATED_OBJC_IMPLEMENTATIONS = YES;
				CLANG_WARN_DIRECT_OBJC_ISA_USAGE = YES_ERROR;
				CLANG_WARN_DOCUMENTATION_COMMENTS = YES;
				CLANG_WARN_EMPTY_BODY = YES;
				CLANG_WARN_ENUM_CONVERSION = YES;
				CLANG_WARN_INFINITE_RECURSION = YES;
				CLANG_WARN_INT_CONVERSION = YES;
				CLANG_WARN_NON_LITERAL_NULL_CONVERSION = YES;
				CLANG_WARN_OBJC_IMPLICIT_RETAIN_SELF = YES;
				CLANG_WARN_OBJC_LITERAL_CONVERSION = YES;
				CLANG_WARN_OBJC_ROOT_CLASS = YES_ERROR;
				CLANG_WARN_QUOTED_INCLUDE_IN_FRAMEWORK_HEADER = YES;
				CLANG_WARN_RANGE_LOOP_ANALYSIS = YES;
				CLANG_WARN_STRICT_PROTOTYPES = YES;
				CLANG_WARN_SUSPICIOUS_MOVE = YES;
				CLANG_WARN_UNGUARDED_AVAILABILITY = YES_AGGRESSIVE;
				CLANG_WARN_UNREACHABLE_CODE = YES;
				CLANG_WARN__DUPLICATE_METHOD_MATCH = YES;
				COPY_PHASE_STRIP = NO;
				DEBUG_INFORMATION_FORMAT = dwarf;
				ENABLE_STRICT_OBJC_MSGSEND = YES;
				ENABLE_TESTABILITY = YES;
				GCC_C_LANGUAGE_STANDARD = gnu11;
				GCC_DYNAMIC_NO_PIC = NO;
				GCC_NO_COMMON_BLOCKS = YES;
				GCC_OPTIMIZATION_LEVEL = 0;
				GCC_PREPROCESSOR_DEFINITIONS = (
					"DEBUG=1",
					"$(inherited)",
				);
				GCC_WARN_64_TO_32_BIT_CONVERSION = YES;
				GCC_WARN_ABOUT_RETURN_TYPE = YES_ERROR;
				GCC_WARN_UNDECLARED_SELECTOR = YES;
				GCC_WARN_UNINITIALIZED_AUTOS = YES_AGGRESSIVE;
				GCC_WARN_UNUSED_FUNCTION = YES;
				GCC_WARN_UNUSED_VARIABLE = YES;
				IPHONEOS_DEPLOYMENT_TARGET = 15.2;
				MTL_ENABLE_DEBUG_INFO = INCLUDE_SOURCE;
				MTL_FAST_MATH = YES;
				ONLY_ACTIVE_ARCH = YES;
				SDKROOT = iphoneos;
				SWIFT_ACTIVE_COMPILATION_CONDITIONS = DEBUG;
				SWIFT_OPTIMIZATION_LEVEL = "-Onone";
			};
			name = Debug;
		};
		CE081BC727B29C7800CFD9D4 /* Release */ = {
			isa = XCBuildConfiguration;
			buildSettings = {
				ALWAYS_SEARCH_USER_PATHS = NO;
				CLANG_ANALYZER_NONNULL = YES;
				CLANG_ANALYZER_NUMBER_OBJECT_CONVERSION = YES_AGGRESSIVE;
				CLANG_CXX_LANGUAGE_STANDARD = "gnu++17";
				CLANG_CXX_LIBRARY = "libc++";
				CLANG_ENABLE_MODULES = YES;
				CLANG_ENABLE_OBJC_ARC = YES;
				CLANG_ENABLE_OBJC_WEAK = YES;
				CLANG_WARN_BLOCK_CAPTURE_AUTORELEASING = YES;
				CLANG_WARN_BOOL_CONVERSION = YES;
				CLANG_WARN_COMMA = YES;
				CLANG_WARN_CONSTANT_CONVERSION = YES;
				CLANG_WARN_DEPRECATED_OBJC_IMPLEMENTATIONS = YES;
				CLANG_WARN_DIRECT_OBJC_ISA_USAGE = YES_ERROR;
				CLANG_WARN_DOCUMENTATION_COMMENTS = YES;
				CLANG_WARN_EMPTY_BODY = YES;
				CLANG_WARN_ENUM_CONVERSION = YES;
				CLANG_WARN_INFINITE_RECURSION = YES;
				CLANG_WARN_INT_CONVERSION = YES;
				CLANG_WARN_NON_LITERAL_NULL_CONVERSION = YES;
				CLANG_WARN_OBJC_IMPLICIT_RETAIN_SELF = YES;
				CLANG_WARN_OBJC_LITERAL_CONVERSION = YES;
				CLANG_WARN_OBJC_ROOT_CLASS = YES_ERROR;
				CLANG_WARN_QUOTED_INCLUDE_IN_FRAMEWORK_HEADER = YES;
				CLANG_WARN_RANGE_LOOP_ANALYSIS = YES;
				CLANG_WARN_STRICT_PROTOTYPES = YES;
				CLANG_WARN_SUSPICIOUS_MOVE = YES;
				CLANG_WARN_UNGUARDED_AVAILABILITY = YES_AGGRESSIVE;
				CLANG_WARN_UNREACHABLE_CODE = YES;
				CLANG_WARN__DUPLICATE_METHOD_MATCH = YES;
				COPY_PHASE_STRIP = NO;
				DEBUG_INFORMATION_FORMAT = "dwarf-with-dsym";
				ENABLE_NS_ASSERTIONS = NO;
				ENABLE_STRICT_OBJC_MSGSEND = YES;
				GCC_C_LANGUAGE_STANDARD = gnu11;
				GCC_NO_COMMON_BLOCKS = YES;
				GCC_WARN_64_TO_32_BIT_CONVERSION = YES;
				GCC_WARN_ABOUT_RETURN_TYPE = YES_ERROR;
				GCC_WARN_UNDECLARED_SELECTOR = YES;
				GCC_WARN_UNINITIALIZED_AUTOS = YES_AGGRESSIVE;
				GCC_WARN_UNUSED_FUNCTION = YES;
				GCC_WARN_UNUSED_VARIABLE = YES;
				IPHONEOS_DEPLOYMENT_TARGET = 15.2;
				MTL_ENABLE_DEBUG_INFO = NO;
				MTL_FAST_MATH = YES;
				SDKROOT = iphoneos;
				SWIFT_COMPILATION_MODE = wholemodule;
				SWIFT_OPTIMIZATION_LEVEL = "-O";
				VALIDATE_PRODUCT = YES;
			};
			name = Release;
		};
		CE081BC927B29C7800CFD9D4 /* Debug */ = {
			isa = XCBuildConfiguration;
			baseConfigurationReference = F575F5B5A4BDE0789C1F4B06 /* Pods-KobzaHelper.debug.xcconfig */;
			buildSettings = {
				ASSETCATALOG_COMPILER_APPICON_NAME = AppIcon;
				ASSETCATALOG_COMPILER_GLOBAL_ACCENT_COLOR_NAME = AccentColor;
				CODE_SIGN_STYLE = Automatic;
				CURRENT_PROJECT_VERSION = 10;
				DEVELOPMENT_TEAM = Z6SVM5W336;
				GENERATE_INFOPLIST_FILE = YES;
				INFOPLIST_FILE = KobzaHelper/Info.plist;
				INFOPLIST_KEY_CFBundleDisplayName = "Kobza Helper";
				INFOPLIST_KEY_UIApplicationSupportsIndirectInputEvents = YES;
				INFOPLIST_KEY_UILaunchStoryboardName = LaunchScreen;
				INFOPLIST_KEY_UIMainStoryboardFile = Main;
				INFOPLIST_KEY_UISupportedInterfaceOrientations_iPad = "UIInterfaceOrientationPortrait UIInterfaceOrientationPortraitUpsideDown UIInterfaceOrientationLandscapeLeft UIInterfaceOrientationLandscapeRight";
				INFOPLIST_KEY_UISupportedInterfaceOrientations_iPhone = "UIInterfaceOrientationPortrait UIInterfaceOrientationLandscapeLeft UIInterfaceOrientationLandscapeRight";
				IPHONEOS_DEPLOYMENT_TARGET = 14.0;
				LD_RUNPATH_SEARCH_PATHS = (
					"$(inherited)",
					"@executable_path/Frameworks",
				);
				MARKETING_VERSION = 1.3.0;
				PRODUCT_BUNDLE_IDENTIFIER = com.inch70798.KobzaHelper;
				PRODUCT_NAME = "$(TARGET_NAME)";
				SWIFT_EMIT_LOC_STRINGS = YES;
				SWIFT_VERSION = 5.0;
				TARGETED_DEVICE_FAMILY = "1,2";
			};
			name = Debug;
		};
		CE081BCA27B29C7800CFD9D4 /* Release */ = {
			isa = XCBuildConfiguration;
			baseConfigurationReference = 2FF12654CF54F6B127614233 /* Pods-KobzaHelper.release.xcconfig */;
			buildSettings = {
				ASSETCATALOG_COMPILER_APPICON_NAME = AppIcon;
				ASSETCATALOG_COMPILER_GLOBAL_ACCENT_COLOR_NAME = AccentColor;
				CODE_SIGN_STYLE = Automatic;
				CURRENT_PROJECT_VERSION = 10;
				DEVELOPMENT_TEAM = Z6SVM5W336;
				GENERATE_INFOPLIST_FILE = YES;
				INFOPLIST_FILE = KobzaHelper/Info.plist;
				INFOPLIST_KEY_CFBundleDisplayName = "Kobza Helper";
				INFOPLIST_KEY_UIApplicationSupportsIndirectInputEvents = YES;
				INFOPLIST_KEY_UILaunchStoryboardName = LaunchScreen;
				INFOPLIST_KEY_UIMainStoryboardFile = Main;
				INFOPLIST_KEY_UISupportedInterfaceOrientations_iPad = "UIInterfaceOrientationPortrait UIInterfaceOrientationPortraitUpsideDown UIInterfaceOrientationLandscapeLeft UIInterfaceOrientationLandscapeRight";
				INFOPLIST_KEY_UISupportedInterfaceOrientations_iPhone = "UIInterfaceOrientationPortrait UIInterfaceOrientationLandscapeLeft UIInterfaceOrientationLandscapeRight";
				IPHONEOS_DEPLOYMENT_TARGET = 14.0;
				LD_RUNPATH_SEARCH_PATHS = (
					"$(inherited)",
					"@executable_path/Frameworks",
				);
				MARKETING_VERSION = 1.3.0;
				PRODUCT_BUNDLE_IDENTIFIER = com.inch70798.KobzaHelper;
				PRODUCT_NAME = "$(TARGET_NAME)";
				SWIFT_EMIT_LOC_STRINGS = YES;
				SWIFT_VERSION = 5.0;
				TARGETED_DEVICE_FAMILY = "1,2";
			};
			name = Release;
		};
/* End XCBuildConfiguration section */

/* Begin XCConfigurationList section */
		CE081BAF27B29C7700CFD9D4 /* Build configuration list for PBXProject "KobzaHelper" */ = {
			isa = XCConfigurationList;
			buildConfigurations = (
				CE081BC627B29C7800CFD9D4 /* Debug */,
				CE081BC727B29C7800CFD9D4 /* Release */,
			);
			defaultConfigurationIsVisible = 0;
			defaultConfigurationName = Release;
		};
		CE081BC827B29C7800CFD9D4 /* Build configuration list for PBXNativeTarget "KobzaHelper" */ = {
			isa = XCConfigurationList;
			buildConfigurations = (
				CE081BC927B29C7800CFD9D4 /* Debug */,
				CE081BCA27B29C7800CFD9D4 /* Release */,
			);
			defaultConfigurationIsVisible = 0;
			defaultConfigurationName = Release;
		};
/* End XCConfigurationList section */

/* Begin XCVersionGroup section */
		F5184A472B34946D00698467 /* db.xcdatamodeld */ = {
			isa = XCVersionGroup;
			children = (
				F5184A482B34946D00698467 /* db.xcdatamodel */,
			);
			currentVersion = F5184A482B34946D00698467 /* db.xcdatamodel */;
			path = db.xcdatamodeld;
			sourceTree = "<group>";
			versionGroupType = wrapper.xcdatamodel;
		};
/* End XCVersionGroup section */
	};
	rootObject = CE081BAC27B29C7700CFD9D4 /* Project object */;
}
